
Microsoft Visual Studio Solution File, Format Version 12.00
# Visual Studio Version 17
VisualStudioVersion = 17.9.34701.34
MinimumVisualStudioVersion = 10.0.40219.1
Project("{FAE04EC0-301F-11D3-BF4B-00C04F79EFBC}") = "TestAutomationExample.Tests", "TestAutomationExample.Tests\TestAutomationExample.Tests.csproj", "{1AEEBB9C-1F36-4664-9C26-34E65E76E992}"
EndProject
Global
	GlobalSection(SolutionConfigurationPlatforms) = preSolution
		Debug|Any CPU = Debug|Any CPU
		Release|Any CPU = Release|Any CPU
	EndGlobalSection
	GlobalSection(ProjectConfigurationPlatforms) = postSolution
		{1AEEBB9C-1F36-4664-9C26-34E65E76E992}.Debug|Any CPU.ActiveCfg = Debug|Any CPU
		{1AEEBB9C-1F36-4664-9C26-34E65E76E992}.Debug|Any CPU.Build.0 = Debug|Any CPU
		{1AEEBB9C-1F36-4664-9C26-34E65E76E992}.Release|Any CPU.ActiveCfg = Release|Any CPU
		{1AEEBB9C-1F36-4664-9C26-34E65E76E992}.Release|Any CPU.Build.0 = Release|Any CPU
	EndGlobalSection
	GlobalSection(SolutionProperties) = preSolution
		HideSolutionNode = FALSE
	EndGlobalSection
	GlobalSection(ExtensibilityGlobals) = postSolution
		SolutionGuid = {91D62DDE-2E60-4B47-9D24-FE79C5BAF3CA}
	EndGlobalSection
EndGlobal
